
Microsoft Visual Studio Solution File, Format Version 12.00
# Visual Studio Version 17
VisualStudioVersion = 17.13.35919.96
MinimumVisualStudioVersion = 10.0.40219.1
Project("{FAE04EC0-301F-11D3-BF4B-00C04F79EFBC}") = "Task1", "Task1\Task1.csproj", "{3ED952E4-FA20-41C4-B00D-316259625082}"
EndProject
Project("{FAE04EC0-301F-11D3-BF4B-00C04F79EFBC}") = "Task2", "Task2\Task2.csproj", "{600475A7-B2A0-40D6-B84E-4372485FEEE6}"
EndProject
Project("{FAE04EC0-301F-11D3-BF4B-00C04F79EFBC}") = "Task3", "Task3\Task3.csproj", "{7775E1A1-84C0-45A5-9FA3-B52818F25259}"
EndProject
Project("{FAE04EC0-301F-11D3-BF4B-00C04F79EFBC}") = "Task4", "Task4\Task4.csproj", "{BE845871-A347-4993-978E-F956ECAED291}"
EndProject
Project("{FAE04EC0-301F-11D3-BF4B-00C04F79EFBC}") = "Task5", "Task5\Task5.csproj", "{2B96F7E1-50B9-47F2-AC58-0B022650A7CD}"
EndProject
Project("{FAE04EC0-301F-11D3-BF4B-00C04F79EFBC}") = "Task6", "Task6\Task6.csproj", "{D1E81F72-15BE-4471-B08F-0441D38AA916}"
EndProject
Project("{FAE04EC0-301F-11D3-BF4B-00C04F79EFBC}") = "Task7", "Task7\Task7.csproj", "{0C311945-5A4D-4D2F-9A66-9801E1042DE9}"
EndProject
Project("{FAE04EC0-301F-11D3-BF4B-00C04F79EFBC}") = "Task8", "Task8\Task8.csproj", "{F66B0561-732B-4321-8F43-773632B15CA3}"
EndProject
Project("{FAE04EC0-301F-11D3-BF4B-00C04F79EFBC}") = "Task9", "Task9\Task9.csproj", "{29C21E4D-192B-43BB-A188-BC1CE14C3879}"
EndProject
Global
	GlobalSection(SolutionConfigurationPlatforms) = preSolution
		Debug|Any CPU = Debug|Any CPU
		Release|Any CPU = Release|Any CPU
	EndGlobalSection
	GlobalSection(ProjectConfigurationPlatforms) = postSolution
		{3ED952E4-FA20-41C4-B00D-316259625082}.Debug|Any CPU.ActiveCfg = Debug|Any CPU
		{3ED952E4-FA20-41C4-B00D-316259625082}.Debug|Any CPU.Build.0 = Debug|Any CPU
		{3ED952E4-FA20-41C4-B00D-316259625082}.Release|Any CPU.ActiveCfg = Release|Any CPU
		{3ED952E4-FA20-41C4-B00D-316259625082}.Release|Any CPU.Build.0 = Release|Any CPU
		{600475A7-B2A0-40D6-B84E-4372485FEEE6}.Debug|Any CPU.ActiveCfg = Debug|Any CPU
		{600475A7-B2A0-40D6-B84E-4372485FEEE6}.Debug|Any CPU.Build.0 = Debug|Any CPU
		{600475A7-B2A0-40D6-B84E-4372485FEEE6}.Release|Any CPU.ActiveCfg = Release|Any CPU
		{600475A7-B2A0-40D6-B84E-4372485FEEE6}.Release|Any CPU.Build.0 = Release|Any CPU
		{7775E1A1-84C0-45A5-9FA3-B52818F25259}.Debug|Any CPU.ActiveCfg = Debug|Any CPU
		{7775E1A1-84C0-45A5-9FA3-B52818F25259}.Debug|Any CPU.Build.0 = Debug|Any CPU
		{7775E1A1-84C0-45A5-9FA3-B52818F25259}.Release|Any CPU.ActiveCfg = Release|Any CPU
		{7775E1A1-84C0-45A5-9FA3-B52818F25259}.Release|Any CPU.Build.0 = Release|Any CPU
		{BE845871-A347-4993-978E-F956ECAED291}.Debug|Any CPU.ActiveCfg = Debug|Any CPU
		{BE845871-A347-4993-978E-F956ECAED291}.Debug|Any CPU.Build.0 = Debug|Any CPU
		{BE845871-A347-4993-978E-F956ECAED291}.Release|Any CPU.ActiveCfg = Release|Any CPU
		{BE845871-A347-4993-978E-F956ECAED291}.Release|Any CPU.Build.0 = Release|Any CPU
		{2B96F7E1-50B9-47F2-AC58-0B022650A7CD}.Debug|Any CPU.ActiveCfg = Debug|Any CPU
		{2B96F7E1-50B9-47F2-AC58-0B022650A7CD}.Debug|Any CPU.Build.0 = Debug|Any CPU
		{2B96F7E1-50B9-47F2-AC58-0B022650A7CD}.Release|Any CPU.ActiveCfg = Release|Any CPU
		{2B96F7E1-50B9-47F2-AC58-0B022650A7CD}.Release|Any CPU.Build.0 = Release|Any CPU
		{D1E81F72-15BE-4471-B08F-0441D38AA916}.Debug|Any CPU.ActiveCfg = Debug|Any CPU
		{D1E81F72-15BE-4471-B08F-0441D38AA916}.Debug|Any CPU.Build.0 = Debug|Any CPU
		{D1E81F72-15BE-4471-B08F-0441D38AA916}.Release|Any CPU.ActiveCfg = Release|Any CPU
		{D1E81F72-15BE-4471-B08F-0441D38AA916}.Release|Any CPU.Build.0 = Release|Any CPU
		{0C311945-5A4D-4D2F-9A66-9801E1042DE9}.Debug|Any CPU.ActiveCfg = Debug|Any CPU
		{0C311945-5A4D-4D2F-9A66-9801E1042DE9}.Debug|Any CPU.Build.0 = Debug|Any CPU
		{0C311945-5A4D-4D2F-9A66-9801E1042DE9}.Release|Any CPU.ActiveCfg = Release|Any CPU
		{0C311945-5A4D-4D2F-9A66-9801E1042DE9}.Release|Any CPU.Build.0 = Release|Any CPU
		{F66B0561-732B-4321-8F43-773632B15CA3}.Debug|Any CPU.ActiveCfg = Debug|Any CPU
		{F66B0561-732B-4321-8F43-773632B15CA3}.Debug|Any CPU.Build.0 = Debug|Any CPU
		{F66B0561-732B-4321-8F43-773632B15CA3}.Release|Any CPU.ActiveCfg = Release|Any CPU
		{F66B0561-732B-4321-8F43-773632B15CA3}.Release|Any CPU.Build.0 = Release|Any CPU
		{29C21E4D-192B-43BB-A188-BC1CE14C3879}.Debug|Any CPU.ActiveCfg = Debug|Any CPU
		{29C21E4D-192B-43BB-A188-BC1CE14C3879}.Debug|Any CPU.Build.0 = Debug|Any CPU
		{29C21E4D-192B-43BB-A188-BC1CE14C3879}.Release|Any CPU.ActiveCfg = Release|Any CPU
		{29C21E4D-192B-43BB-A188-BC1CE14C3879}.Release|Any CPU.Build.0 = Release|Any CPU
	EndGlobalSection
	GlobalSection(SolutionProperties) = preSolution
		HideSolutionNode = FALSE
	EndGlobalSection
	GlobalSection(ExtensibilityGlobals) = postSolution
		SolutionGuid = {17863F47-BC51-4711-BDA4-04330F317017}
	EndGlobalSection
EndGlobal
